lockfileVersion: '9.0'

settings:
  autoInstallPeers: true
  excludeLinksFromLockfile: false

importers:

  .:
    dependencies:
      '@aws-sdk/client-s3':
        specifier: ^3.1073.0
        version: 3.1073.0
      cloudflare:
        specifier: ^3.4.0
        version: 3.5.0
      gray-matter:
        specifier: ^4.0.3
        version: 4.0.3
      marked:
        specifier: ^18.0.5
        version: 18.0.5
      nuxt:
        specifier: ^4.4.8
        version: 4.4.8(@babel/plugin-syntax-jsx@7.29.7(@babel/core@7.29.7))(@babel/plugin-syntax-typescript@7.29.7(@babel/core@7.29.7))(@parcel/watcher@2.5.6)(@types/node@22.19.21)(@vue/compiler-sfc@3.5.38)(cac@6.7.14)(db0@0.3.4)(ioredis@5.11.1)(lightningcss@1.32.0)(magicast@0.5.3)(rollup-plugin-visualizer@7.0.1(rollup@4.62.2))(rollup@4.62.2)(srvx@0.11.17)(terser@5.48.0)(typescript@5.9.3)(vite@7.3.5(@types/node@22.19.21)(jiti@2.7.0)(lightningcss@1.32.0)(terser@5.48.0)(yaml@2.9.0))(yaml@2.9.0)
      tailwindcss:
        specifier: ^4.3.1
        version: 4.3.1
      three:
        specifier: ^0.170.0
        version: 0.170.0
      vue:
        specifier: ^3.5.13
        version: 3.5.38(typescript@5.9.3)
      vue-router:
        specifier: ^4.5.0
        version: 4.6.4(vue@3.5.38(typescript@5.9.3))
    devDependencies:
      '@tailwindcss/postcss':
        specifier: ^4.3.1
        version: 4.3.1
      '@types/marked':
        specifier: ^5.0.2
        version: 5.0.2
      '@types/node':
        specifier: ^22.13.9
        version: 22.19.21
      '@types/three':
        specifier: ^0.170.0
        version: 0.170.0
      postcss:
        specifier: ^8.5.15
        version: 8.5.15
      typescript:
        specifier: ^5.8.2
        version: 5.9.3